
Microsoft Visual Studio Solution File, Format Version 12.00
# Visual Studio Version 16
VisualStudioVersion = 16.0.31205.134
MinimumVisualStudioVersion = 10.0.40219.1
Project("{FAE04EC0-301F-11D3-BF4B-00C04F79EFBC}") = "CalculadoraObjeto", "CalculadoraObjeto\CalculadoraObjeto.csproj", "{84A542D2-78C1-4EA9-B16F-EF0649CA68F5}"
EndProject
Global
	GlobalSection(SolutionConfigurationPlatforms) = preSolution
		Debug|Any CPU = Debug|Any CPU
		Release|Any CPU = Release|Any CPU
	EndGlobalSection
	GlobalSection(ProjectConfigurationPlatforms) = postSolution
		{84A542D2-78C1-4EA9-B16F-EF0649CA68F5}.Debug|Any CPU.ActiveCfg = Debug|Any CPU
		{84A542D2-78C1-4EA9-B16F-EF0649CA68F5}.Debug|Any CPU.Build.0 = Debug|Any CPU
		{84A542D2-78C1-4EA9-B16F-EF0649CA68F5}.Release|Any CPU.ActiveCfg = Release|Any CPU
		{84A542D2-78C1-4EA9-B16F-EF0649CA68F5}.Release|Any CPU.Build.0 = Release|Any CPU
	EndGlobalSection
	GlobalSection(SolutionProperties) = preSolution
		HideSolutionNode = FALSE
	EndGlobalSection
	GlobalSection(ExtensibilityGlobals) = postSolution
		SolutionGuid = {30C5D41D-0738-4755-9B60-A75092295DC0}
	EndGlobalSection
EndGlobal
